
Microsoft Visual Studio Solution File, Format Version 12.00
# Visual Studio Version 17
VisualStudioVersion = 17.14.36221.1
MinimumVisualStudioVersion = 10.0.40219.1
Project("{FAE04EC0-301F-11D3-BF4B-00C04F79EFBC}") = "WebApp", "WebApp\WebApp.csproj", "{12A753CF-808D-4414-945C-A11D77F41B23}"
EndProject
Project("{FAE04EC0-301F-11D3-BF4B-00C04F79EFBC}") = "LearnMiddleware", "LearnMiddleware\LearnMiddleware.csproj", "{7A8B8069-6CFA-42D1-A8A1-935FD5D217B5}"
EndProject
Project("{FAE04EC0-301F-11D3-BF4B-00C04F79EFBC}") = "LearnRouting", "LearnRouting\LearnRouting.csproj", "{95557C15-7512-46CD-884B-51202B0EFBCF}"
EndProject
Project("{FAE04EC0-301F-11D3-BF4B-00C04F79EFBC}") = "LearnMinimalAPICodeOrganizationDependencyInjection", "LearnMinimalAPICodeOrganizationDependencyInjection\LearnMinimalAPICodeOrganizationDependencyInjection.csproj", "{8513610B-7387-41C1-A2F3-B2204029B6A3}"
EndProject
Project("{FAE04EC0-301F-11D3-BF4B-00C04F79EFBC}") = "MVC_Controllers", "MVC_Controllers\MVC_Controllers.csproj", "{78E7BD36-90B2-4BFE-9FB2-4BCFFFDBB9DF}"
EndProject
Project("{FAE04EC0-301F-11D3-BF4B-00C04F79EFBC}") = "DepartmentsAssignment", "DepartmentsAssignment\DepartmentsAssignment.csproj", "{2F1C3323-2D6F-42AC-9D1A-88C55FAD8DB9}"
EndProject
Global
	GlobalSection(SolutionConfigurationPlatforms) = preSolution
		Debug|Any CPU = Debug|Any CPU
		Release|Any CPU = Release|Any CPU
	EndGlobalSection
	GlobalSection(ProjectConfigurationPlatforms) = postSolution
		{12A753CF-808D-4414-945C-A11D77F41B23}.Debug|Any CPU.ActiveCfg = Debug|Any CPU
		{12A753CF-808D-4414-945C-A11D77F41B23}.Debug|Any CPU.Build.0 = Debug|Any CPU
		{12A753CF-808D-4414-945C-A11D77F41B23}.Release|Any CPU.ActiveCfg = Release|Any CPU
		{12A753CF-808D-4414-945C-A11D77F41B23}.Release|Any CPU.Build.0 = Release|Any CPU
		{7A8B8069-6CFA-42D1-A8A1-935FD5D217B5}.Debug|Any CPU.ActiveCfg = Debug|Any CPU
		{7A8B8069-6CFA-42D1-A8A1-935FD5D217B5}.Debug|Any CPU.Build.0 = Debug|Any CPU
		{7A8B8069-6CFA-42D1-A8A1-935FD5D217B5}.Release|Any CPU.ActiveCfg = Release|Any CPU
		{7A8B8069-6CFA-42D1-A8A1-935FD5D217B5}.Release|Any CPU.Build.0 = Release|Any CPU
		{95557C15-7512-46CD-884B-51202B0EFBCF}.Debug|Any CPU.ActiveCfg = Debug|Any CPU
		{95557C15-7512-46CD-884B-51202B0EFBCF}.Debug|Any CPU.Build.0 = Debug|Any CPU
		{95557C15-7512-46CD-884B-51202B0EFBCF}.Release|Any CPU.ActiveCfg = Release|Any CPU
		{95557C15-7512-46CD-884B-51202B0EFBCF}.Release|Any CPU.Build.0 = Release|Any CPU
		{8513610B-7387-41C1-A2F3-B2204029B6A3}.Debug|Any CPU.ActiveCfg = Debug|Any CPU
		{8513610B-7387-41C1-A2F3-B2204029B6A3}.Debug|Any CPU.Build.0 = Debug|Any CPU
		{8513610B-7387-41C1-A2F3-B2204029B6A3}.Release|Any CPU.ActiveCfg = Release|Any CPU
		{8513610B-7387-41C1-A2F3-B2204029B6A3}.Release|Any CPU.Build.0 = Release|Any CPU
		{78E7BD36-90B2-4BFE-9FB2-4BCFFFDBB9DF}.Debug|Any CPU.ActiveCfg = Debug|Any CPU
		{78E7BD36-90B2-4BFE-9FB2-4BCFFFDBB9DF}.Debug|Any CPU.Build.0 = Debug|Any CPU
		{78E7BD36-90B2-4BFE-9FB2-4BCFFFDBB9DF}.Release|Any CPU.ActiveCfg = Release|Any CPU
		{78E7BD36-90B2-4BFE-9FB2-4BCFFFDBB9DF}.Release|Any CPU.Build.0 = Release|Any CPU
		{2F1C3323-2D6F-42AC-9D1A-88C55FAD8DB9}.Debug|Any CPU.ActiveCfg = Debug|Any CPU
		{2F1C3323-2D6F-42AC-9D1A-88C55FAD8DB9}.Debug|Any CPU.Build.0 = Debug|Any CPU
		{2F1C3323-2D6F-42AC-9D1A-88C55FAD8DB9}.Release|Any CPU.ActiveCfg = Release|Any CPU
		{2F1C3323-2D6F-42AC-9D1A-88C55FAD8DB9}.Release|Any CPU.Build.0 = Release|Any CPU
	EndGlobalSection
	GlobalSection(SolutionProperties) = preSolution
		HideSolutionNode = FALSE
	EndGlobalSection
	GlobalSection(ExtensibilityGlobals) = postSolution
		SolutionGuid = {F2D015F2-BF1E-4E1D-8BAC-A5337F99FF2B}
	EndGlobalSection
EndGlobal
